
Microsoft Visual Studio Solution File, Format Version 12.00
# Visual Studio Version 17
VisualStudioVersion = 17.11.35327.3
MinimumVisualStudioVersion = 10.0.40219.1
Project("{FAE04EC0-301F-11D3-BF4B-00C04F79EFBC}") = "EmployeeDB", "EmployeeDB\EmployeeDB.csproj", "{DF81CEDB-70F6-4A24-B12C-188AE0903B82}"
EndProject
Global
	GlobalSection(SolutionConfigurationPlatforms) = preSolution
		Debug|Any CPU = Debug|Any CPU
		Release|Any CPU = Release|Any CPU
	EndGlobalSection
	GlobalSection(ProjectConfigurationPlatforms) = postSolution
		{DF81CEDB-70F6-4A24-B12C-188AE0903B82}.Debug|Any CPU.ActiveCfg = Debug|Any CPU
		{DF81CEDB-70F6-4A24-B12C-188AE0903B82}.Debug|Any CPU.Build.0 = Debug|Any CPU
		{DF81CEDB-70F6-4A24-B12C-188AE0903B82}.Release|Any CPU.ActiveCfg = Release|Any CPU
		{DF81CEDB-70F6-4A24-B12C-188AE0903B82}.Release|Any CPU.Build.0 = Release|Any CPU
	EndGlobalSection
	GlobalSection(SolutionProperties) = preSolution
		HideSolutionNode = FALSE
	EndGlobalSection
	GlobalSection(ExtensibilityGlobals) = postSolution
		SolutionGuid = {7DA326EC-804C-4C24-8C71-840588CD6EB5}
	EndGlobalSection
EndGlobal
